
Microsoft Visual Studio Solution File, Format Version 12.00
# Visual Studio 14
VisualStudioVersion = 14.0.25420.1
MinimumVisualStudioVersion = 10.0.40219.1
Project("{E24C65DC-7377-472B-9ABA-BC803B73C61A}") = "CloudMinds", "http://localhost/CloudMinds", "{609C5C39-7510-4AED-B307-470941D358FB}"
	ProjectSection(WebsiteProperties) = preProject
		UseIISExpress = "false"
		TargetFrameworkMoniker = ".NETFramework,Version%3Dv4.5.2"
		Debug.AspNetCompiler.VirtualPath = "/CloudMinds"
		Debug.AspNetCompiler.PhysicalPath = "..\..\WebSites\CloudMinds\"
		Debug.AspNetCompiler.TargetPath = "PrecompiledWeb\CloudMinds\"
		Debug.AspNetCompiler.Updateable = "true"
		Debug.AspNetCompiler.ForceOverwrite = "true"
		Debug.AspNetCompiler.FixedNames = "false"
		Debug.AspNetCompiler.Debug = "True"
		Release.AspNetCompiler.VirtualPath = "/CloudMinds"
		Release.AspNetCompiler.PhysicalPath = "..\..\WebSites\CloudMinds\"
		Release.AspNetCompiler.TargetPath = "PrecompiledWeb\CloudMinds\"
		Release.AspNetCompiler.Updateable = "true"
		Release.AspNetCompiler.ForceOverwrite = "true"
		Release.AspNetCompiler.FixedNames = "false"
		Release.AspNetCompiler.Debug = "False"
		SlnRelativePath = "..\..\WebSites\CloudMinds\"
	EndProjectSection
EndProject
Global
	GlobalSection(SolutionConfigurationPlatforms) = preSolution
		Debug|Any CPU = Debug|Any CPU
	EndGlobalSection
	GlobalSection(ProjectConfigurationPlatforms) = postSolution
		{609C5C39-7510-4AED-B307-470941D358FB}.Debug|Any CPU.ActiveCfg = Debug|Any CPU
		{609C5C39-7510-4AED-B307-470941D358FB}.Debug|Any CPU.Build.0 = Debug|Any CPU
	EndGlobalSection
	GlobalSection(SolutionProperties) = preSolution
		HideSolutionNode = FALSE
	EndGlobalSection
EndGlobal
